// !$*UTF8*$!
{
	archiveVersion = 1;
	classes = {
	};
	objectVersion = 55;
	objects = {

/* Begin PBXBuildFile section */
		C45207152992DB3C00435659 /* ContentView.swift in Sources */ = {isa = PBXBuildFile; fileRef = C4944BA6298EF3F90016B290 /* ContentView.swift */; };
		C4944BA5298EF3F90016B290 /* CalcSwitUIApp.swift in Sources */ = {isa = PBXBuildFile; fileRef = C4944BA4298EF3F90016B290 /* CalcSwitUIApp.swift */; };
		C4944BA7298EF3F90016B290 /* ContentView.swift in Sources */ = {isa = PBXBuildFile; fileRef = C4944BA6298EF3F90016B290 /* ContentView.swift */; };
		C4944BA9298EF3FA0016B290 /* Assets.xcassets in Resources */ = {isa = PBXBuildFile; fileRef = C4944BA8298EF3FA0016B290 /* Assets.xcassets */; };
		C4944BAC298EF3FA0016B290 /* Preview Assets.xcassets in Resources */ = {isa = PBXBuildFile; fileRef = C4944BAB298EF3FA0016B290 /* Preview Assets.xcassets */; };
		C4944BB6298EF3FB0016B290 /* CalcSwitUITests.swift in Sources */ = {isa = PBXBuildFile; fileRef = C4944BB5298EF3FB0016B290 /* CalcSwitUITests.swift */; };
		C4944BC0298EF3FB0016B290 /* CalcSwitUIUITests.swift in Sources */ = {isa = PBXBuildFile; fileRef = C4944BBF298EF3FB0016B290 /* CalcSwitUIUITests.swift */; };
		C4944BC2298EF3FB0016B290 /* CalcSwitUIUITestsLaunchTests.swift in Sources */ = {isa = PBXBuildFile; fileRef = C4944BC1298EF3FB0016B290 /* CalcSwitUIUITestsLaunchTests.swift */; };
/* End PBXBuildFile section */

/* Begin PBXContainerItemProxy section */
		C4944BB2298EF3FB0016B290 /* PBXContainerItemProxy */ = {
			isa = PBXContainerItemProxy;
			containerPortal = C4944B99298EF3F90016B290 /* Project object */;
			proxyType = 1;
			remoteGlobalIDString = C4944BA0298EF3F90016B290;
			remoteInfo = CalcSwitUI;
		};
		C4944BBC298EF3FB0016B290 /* PBXContainerItemProxy */ = {
			isa = PBXContainerItemProxy;
			containerPortal = C4944B99298EF3F90016B290 /* Project object */;
			proxyType = 1;
			remoteGlobalIDString = C4944BA0298EF3F90016B290;
			remoteInfo = CalcSwitUI;
		};
/* End PBXContainerItemProxy section */

/* Begin PBXFileReference section */
		C4944BA1298EF3F90016B290 /* CalcSwitUI.app */ = {isa = PBXFileReference; explicitFileType = wrapper.application; includeInIndex = 0; path = CalcSwitUI.app; sourceTree = BUILT_PRODUCTS_DIR; };
		C4944BA4298EF3F90016B290 /* CalcSwitUIApp.swift */ = {isa = PBXFileReference; lastKnownFileType = sourcecode.swift; path = CalcSwitUIApp.swift; sourceTree = "<group>"; };
		C4944BA6298EF3F90016B290 /* ContentView.swift */ = {isa = PBXFileReference; lastKnownFileType = sourcecode.swift; path = ContentView.swift; sourceTree = "<group>"; };
		C4944BA8298EF3FA0016B290 /* Assets.xcassets */ = {isa = PBXFileReference; lastKnownFileType = folder.assetcatalog; path = Assets.xcassets; sourceTree = "<group>"; };
		C4944BAB298EF3FA0016B290 /* Preview Assets.xcassets */ = {isa = PBXFileReference; lastKnownFileType = folder.assetcatalog; path = "Preview Assets.xcassets"; sourceTree = "<group>"; };
		C4944BB1298EF3FB0016B290 /* CalcSwitUITests.xctest */ = {isa = PBXFileReference; explicitFileType = wrapper.cfbundle; includeInIndex = 0; path = CalcSwitUITests.xctest; sourceTree = BUILT_PRODUCTS_DIR; };
		C4944BB5298EF3FB0016B290 /* CalcSwitUITests.swift */ = {isa = PBXFileReference; lastKnownFileType = sourcecode.swift; path = CalcSwitUITests.swift; sourceTree = "<group>"; };
		C4944BBB298EF3FB0016B290 /* CalcSwitUIUITests.xctest */ = {isa = PBXFileReference; explicitFileType = wrapper.cfbundle; includeInIndex = 0; path = CalcSwitUIUITests.xctest; sourceTree = BUILT_PRODUCTS_DIR; };
		C4944BBF298EF3FB0016B290 /* CalcSwitUIUITests.swift */ = {isa = PBXFileReference; lastKnownFileType = sourcecode.swift; path = CalcSwitUIUITests.swift; sourceTree = "<group>"; };
		C4944BC1298EF3FB0016B290 /* CalcSwitUIUITestsLaunchTests.swift */ = {isa = PBXFileReference; lastKnownFileType = sourcecode.swift; path = CalcSwitUIUITestsLaunchTests.swift; sourceTree = "<group>"; };
		C4944BCE298F74460016B290 /* Info.plist */ = {isa = PBXFileReference; lastKnownFileType = text.plist; path = Info.plist; sourceTree = "<group>"; };
/* End PBXFileReference section */

/* Begin PBXFrameworksBuildPhase section */
		C4944B9E298EF3F90016B290 /* Frameworks */ = {
			isa = PBXFrameworksBuildPhase;
			buildActionMask = 2147483647;
			files = (
			);
			runOnlyForDeploymentPostprocessing = 0;
		};
		C4944BAE298EF3FB0016B290 /* Frameworks */ = {
			isa = PBXFrameworksBuildPhase;
			buildActionMask = 2147483647;
			files = (
			);
			runOnlyForDeploymentPostprocessing = 0;
		};
		C4944BB8298EF3FB0016B290 /* Frameworks */ = {
			isa = PBXFrameworksBuildPhase;
			buildActionMask = 2147483647;
			files = (
			);
			runOnlyForDeploymentPostprocessing = 0;
		};
/* End PBXFrameworksBuildPhase section */

/* Begin PBXGroup section */
		C4944B98298EF3F90016B290 = {
			isa = PBXGroup;
			children = (
				C4944BA3298EF3F90016B290 /* CalcSwitUI */,
				C4944BB4298EF3FB0016B290 /* CalcSwitUITests */,
				C4944BBE298EF3FB0016B290 /* CalcSwitUIUITests */,
				C4944BA2298EF3F90016B290 /* Products */,
			);
			sourceTree = "<group>";
		};
		C4944BA2298EF3F90016B290 /* Products */ = {
			isa = PBXGroup;
			children = (
				C4944BA1298EF3F90016B290 /* CalcSwitUI.app */,
				C4944BB1298EF3FB0016B290 /* CalcSwitUITests.xctest */,
				C4944BBB298EF3FB0016B290 /* CalcSwitUIUITests.xctest */,
			);
			name = Products;
			sourceTree = "<group>";
		};
		C4944BA3298EF3F90016B290 /* CalcSwitUI */ = {
			isa = PBXGroup;
			children = (
				C4944BCE298F74460016B290 /* Info.plist */,
				C4944BA4298EF3F90016B290 /* CalcSwitUIApp.swift */,
				C4944BA6298EF3F90016B290 /* ContentView.swift */,
				C4944BA8298EF3FA0016B290 /* Assets.xcassets */,
				C4944BAA298EF3FA0016B290 /* Preview Content */,
			);
			path = CalcSwitUI;
			sourceTree = "<group>";
		};
		C4944BAA298EF3FA0016B290 /* Preview Content */ = {
			isa = PBXGroup;
			children = (
				C4944BAB298EF3FA0016B290 /* Preview Assets.xcassets */,
			);
			path = "Preview Content";
			sourceTree = "<group>";
		};
		C4944BB4298EF3FB0016B290 /* CalcSwitUITests */ = {
			isa = PBXGroup;
			children = (
				C4944BB5298EF3FB0016B290 /* CalcSwitUITests.swift */,
			);
			path = CalcSwitUITests;
			sourceTree = "<group>";
		};
		C4944BBE298EF3FB0016B290 /* CalcSwitUIUITests */ = {
			isa = PBXGroup;
			children = (
				C4944BBF298EF3FB0016B290 /* CalcSwitUIUITests.swift */,
				C4944BC1298EF3FB0016B290 /* CalcSwitUIUITestsLaunchTests.swift */,
			);
			path = CalcSwitUIUITests;
			sourceTree = "<group>";
		};
/* End PBXGroup section */

/* Begin PBXNativeTarget section */
		C4944BA0298EF3F90016B290 /* CalcSwitUI */ = {
			isa = PBXNativeTarget;
			buildConfigurationList = C4944BC5298EF3FB0016B290 /* Build configuration list for PBXNativeTarget "CalcSwitUI" */;
			buildPhases = (
				C4944B9D298EF3F90016B290 /* Sources */,
				C4944B9E298EF3F90016B290 /* Frameworks */,
				C4944B9F298EF3F90016B290 /* Resources */,
			);
			buildRules = (
			);
			dependencies = (
			);
			name = CalcSwitUI;
			productName = CalcSwitUI;
			productReference = C4944BA1298EF3F90016B290 /* CalcSwitUI.app */;
			productType = "com.apple.product-type.application";
		};
		C4944BB0298EF3FB0016B290 /* CalcSwitUITests */ = {
			isa = PBXNativeTarget;
			buildConfigurationList = C4944BC8298EF3FB0016B290 /* Build configuration list for PBXNativeTarget "CalcSwitUITests" */;
			buildPhases = (
				C4944BAD298EF3FB0016B290 /* Sources */,
				C4944BAE298EF3FB0016B290 /* Frameworks */,
				C4944BAF298EF3FB0016B290 /* Resources */,
			);
			buildRules = (
			);
			dependencies = (
				C4944BB3298EF3FB0016B290 /* PBXTargetDependency */,
			);
			name = CalcSwitUITests;
			productName = CalcSwitUITests;
			productReference = C4944BB1298EF3FB0016B290 /* CalcSwitUITests.xctest */;
			productType = "com.apple.product-type.bundle.unit-test";
		};
		C4944BBA298EF3FB0016B290 /* CalcSwitUIUITests */ = {
			isa = PBXNativeTarget;
			buildConfigurationList = C4944BCB298EF3FB0016B290 /* Build configuration list for PBXNativeTarget "CalcSwitUIUITests" */;
			buildPhases = (
				C4944BB7298EF3FB0016B290 /* Sources */,
				C4944BB8298EF3FB0016B290 /* Frameworks */,
				C4944BB9298EF3FB0016B290 /* Resources */,
			);
			buildRules = (
			);
			dependencies = (
				C4944BBD298EF3FB0016B290 /* PBXTargetDependency */,
			);
			name = CalcSwitUIUITests;
			productName = CalcSwitUIUITests;
			productReference = C4944BBB298EF3FB0016B290 /* CalcSwitUIUITests.xctest */;
			productType = "com.apple.product-type.bundle.ui-testing";
		};
/* End PBXNativeTarget section */

/* Begin PBXProject section */
		C4944B99298EF3F90016B290 /* Project object */ = {
			isa = PBXProject;
			attributes = {
				BuildIndependentTargetsInParallel = 1;
				LastSwiftUpdateCheck = 1330;
				LastUpgradeCheck = 1330;
				TargetAttributes = {
					C4944BA0298EF3F90016B290 = {
						CreatedOnToolsVersion = 13.3;
					};
					C4944BB0298EF3FB0016B290 = {
						CreatedOnToolsVersion = 13.3;
						TestTargetID = C4944BA0298EF3F90016B290;
					};
					C4944BBA298EF3FB0016B290 = {
						CreatedOnToolsVersion = 13.3;
						TestTargetID = C4944BA0298EF3F90016B290;
					};
				};
			};
			buildConfigurationList = C4944B9C298EF3F90016B290 /* Build configuration list for PBXProject "CalcSwitUI" */;
			compatibilityVersion = "Xcode 13.0";
			developmentRegion = en;
			hasScannedForEncodings = 0;
			knownRegions = (
				en,
				Base,
			);
			mainGroup = C4944B98298EF3F90016B290;
			productRefGroup = C4944BA2298EF3F90016B290 /* Products */;
			projectDirPath = "";
			projectRoot = "";
			targets = (
				C4944BA0298EF3F90016B290 /* CalcSwitUI */,
				C4944BB0298EF3FB0016B290 /* CalcSwitUITests */,
				C4944BBA298EF3FB0016B290 /* CalcSwitUIUITests */,
			);
		};
/* End PBXProject section */

/* Begin PBXResourcesBuildPhase section */
		C4944B9F298EF3F90016B290 /* Resources */ = {
			isa = PBXResourcesBuildPhase;
			buildActionMask = 2147483647;
			files = (
				C4944BAC298EF3FA0016B290 /* Preview Assets.xcassets in Resources */,
				C4944BA9298EF3FA0016B290 /* Assets.xcassets in Resources */,
			);
			runOnlyForDeploymentPostprocessing = 0;
		};
		C4944BAF298EF3FB0016B290 /* Resources */ = {
			isa = PBXResourcesBuildPhase;
			buildActionMask = 2147483647;
			files = (
			);
			runOnlyForDeploymentPostprocessing = 0;
		};
		C4944BB9298EF3FB0016B290 /* Resources */ = {
			isa = PBXResourcesBuildPhase;
			buildActionMask = 2147483647;
			files = (
			);
			runOnlyForDeploymentPostprocessing = 0;
		};
/* End PBXResourcesBuildPhase section */

/* Begin PBXSourcesBuildPhase section */
		C4944B9D298EF3F90016B290 /* Sources */ = {
			isa = PBXSourcesBuildPhase;
			buildActionMask = 2147483647;
			files = (
				C4944BA7298EF3F90016B290 /* ContentView.swift in Sources */,
				C4944BA5298EF3F90016B290 /* CalcSwitUIApp.swift in Sources */,
			);
			runOnlyForDeploymentPostprocessing = 0;
		};
		C4944BAD298EF3FB0016B290 /* Sources */ = {
			isa = PBXSourcesBuildPhase;
			buildActionMask = 2147483647;
			files = (
				C45207152992DB3C00435659 /* ContentView.swift in Sources */,
				C4944BB6298EF3FB0016B290 /* CalcSwitUITests.swift in Sources */,
			);
			runOnlyForDeploymentPostprocessing = 0;
		};
		C4944BB7298EF3FB0016B290 /* Sources */ = {
			isa = PBXSourcesBuildPhase;
			buildActionMask = 2147483647;
			files = (
				C4944BC2298EF3FB0016B290 /* CalcSwitUIUITestsLaunchTests.swift in Sources */,
				C4944BC0298EF3FB0016B290 /* CalcSwitUIUITests.swift in Sources */,
			);
			runOnlyForDeploymentPostprocessing = 0;
		};
/* End PBXSourcesBuildPhase section */

/* Begin PBXTargetDependency section */
		C4944BB3298EF3FB0016B290 /* PBXTargetDependency */ = {
			isa = PBXTargetDependency;
			target = C4944BA0298EF3F90016B290 /* CalcSwitUI */;
			targetProxy = C4944BB2298EF3FB0016B290 /* PBXContainerItemProxy */;
		};
		C4944BBD298EF3FB0016B290 /* PBXTargetDependency */ = {
			isa = PBXTargetDependency;
			target = C4944BA0298EF3F90016B290 /* CalcSwitUI */;
			targetProxy = C4944BBC298EF3FB0016B290 /* PBXContainerItemProxy */;
		};
/* End PBXTargetDependency section */

/* Begin XCBuildConfiguration section */
		C4944BC3298EF3FB0016B290 /* Debug */ = {
			isa = XCBuildConfiguration;
			buildSettings = {
				ALWAYS_SEARCH_USER_PATHS = NO;
				CLANG_ANALYZER_NONNULL = YES;
				CLANG_ANALYZER_NUMBER_OBJECT_CONVERSION = YES_AGGRESSIVE;
				CLANG_CXX_LANGUAGE_STANDARD = "gnu++17";
				CLANG_ENABLE_MODULES = YES;
				CLANG_ENABLE_OBJC_ARC = YES;
				CLANG_ENABLE_OBJC_WEAK = YES;
				CLANG_WARN_BLOCK_CAPTURE_AUTORELEASING = YES;
				CLANG_WARN_BOOL_CONVERSION = YES;
				CLANG_WARN_COMMA = YES;
				CLANG_WARN_CONSTANT_CONVERSION = YES;
				CLANG_WARN_DEPRECATED_OBJC_IMPLEMENTATIONS = YES;
				CLANG_WARN_DIRECT_OBJC_ISA_USAGE = YES_ERROR;
				CLANG_WARN_DOCUMENTATION_COMMENTS = YES;
				CLANG_WARN_EMPTY_BODY = YES;
				CLANG_WARN_ENUM_CONVERSION = YES;
				CLANG_WARN_INFINITE_RECURSION = YES;
				CLANG_WARN_INT_CONVERSION = YES;
				CLANG_WARN_NON_LITERAL_NULL_CONVERSION = YES;
				CLANG_WARN_OBJC_IMPLICIT_RETAIN_SELF = YES;
				CLANG_WARN_OBJC_LITERAL_CONVERSION = YES;
				CLANG_WARN_OBJC_ROOT_CLASS = YES_ERROR;
				CLANG_WARN_QUOTED_INCLUDE_IN_FRAMEWORK_HEADER = YES;
				CLANG_WARN_RANGE_LOOP_ANALYSIS = YES;
				CLANG_WARN_STRICT_PROTOTYPES = YES;
				CLANG_WARN_SUSPICIOUS_MOVE = YES;
				CLANG_WARN_UNGUARDED_AVAILABILITY = YES_AGGRESSIVE;
				CLANG_WARN_UNREACHABLE_CODE = YES;
				CLANG_WARN__DUPLICATE_METHOD_MATCH = YES;
				COPY_PHASE_STRIP = NO;
				DEBUG_INFORMATION_FORMAT = dwarf;
				ENABLE_STRICT_OBJC_MSGSEND = YES;
				ENABLE_TESTABILITY = YES;
				GCC_C_LANGUAGE_STANDARD = gnu11;
				GCC_DYNAMIC_NO_PIC = NO;
				GCC_NO_COMMON_BLOCKS = YES;
				GCC_OPTIMIZATION_LEVEL = 0;
				GCC_PREPROCESSOR_DEFINITIONS = (
					"DEBUG=1",
					"$(inherited)",
				);
				GCC_WARN_64_TO_32_BIT_CONVERSION = YES;
				GCC_WARN_ABOUT_RETURN_TYPE = YES_ERROR;
				GCC_WARN_UNDECLARED_SELECTOR = YES;
				GCC_WARN_UNINITIALIZED_AUTOS = YES_AGGRESSIVE;
				GCC_WARN_UNUSED_FUNCTION = YES;
				GCC_WARN_UNUSED_VARIABLE = YES;
				IPHONEOS_DEPLOYMENT_TARGET = 15.4;
				MTL_ENABLE_DEBUG_INFO = INCLUDE_SOURCE;
				MTL_FAST_MATH = YES;
				ONLY_ACTIVE_ARCH = YES;
				SDKROOT = iphoneos;
				SWIFT_ACTIVE_COMPILATION_CONDITIONS = DEBUG;
				SWIFT_OPTIMIZATION_LEVEL = "-Onone";
			};
			name = Debug;
		};
		C4944BC4298EF3FB0016B290 /* Release */ = {
			isa = XCBuildConfiguration;
			buildSettings = {
				ALWAYS_SEARCH_USER_PATHS = NO;
				CLANG_ANALYZER_NONNULL = YES;
				CLANG_ANALYZER_NUMBER_OBJECT_CONVERSION = YES_AGGRESSIVE;
				CLANG_CXX_LANGUAGE_STANDARD = "gnu++17";
				CLANG_ENABLE_MODULES = YES;
				CLANG_ENABLE_OBJC_ARC = YES;
				CLANG_ENABLE_OBJC_WEAK = YES;
				CLANG_WARN_BLOCK_CAPTURE_AUTORELEASING = YES;
				CLANG_WARN_BOOL_CONVERSION = YES;
				CLANG_WARN_COMMA = YES;
				CLANG_WARN_CONSTANT_CONVERSION = YES;
				CLANG_WARN_DEPRECATED_OBJC_IMPLEMENTATIONS = YES;
				CLANG_WARN_DIRECT_OBJC_ISA_USAGE = YES_ERROR;
				CLANG_WARN_DOCUMENTATION_COMMENTS = YES;
				CLANG_WARN_EMPTY_BODY = YES;
				CLANG_WARN_ENUM_CONVERSION = YES;
				CLANG_WARN_INFINITE_RECURSION = YES;
				CLANG_WARN_INT_CONVERSION = YES;
				CLANG_WARN_NON_LITERAL_NULL_CONVERSION = YES;
				CLANG_WARN_OBJC_IMPLICIT_RETAIN_SELF = YES;
				CLANG_WARN_OBJC_LITERAL_CONVERSION = YES;
				CLANG_WARN_OBJC_ROOT_CLASS = YES_ERROR;
				CLANG_WARN_QUOTED_INCLUDE_IN_FRAMEWORK_HEADER = YES;
				CLANG_WARN_RANGE_LOOP_ANALYSIS = YES;
				CLANG_WARN_STRICT_PROTOTYPES = YES;
				CLANG_WARN_SUSPICIOUS_MOVE = YES;
				CLANG_WARN_UNGUARDED_AVAILABILITY = YES_AGGRESSIVE;
				CLANG_WARN_UNREACHABLE_CODE = YES;
				CLANG_WARN__DUPLICATE_METHOD_MATCH = YES;
				COPY_PHASE_STRIP = NO;
				DEBUG_INFORMATION_FORMAT = "dwarf-with-dsym";
				ENABLE_NS_ASSERTIONS = NO;
				ENABLE_STRICT_OBJC_MSGSEND = YES;
				GCC_C_LANGUAGE_STANDARD = gnu11;
				GCC_NO_COMMON_BLOCKS = YES;
				GCC_WARN_64_TO_32_BIT_CONVERSION = YES;
				GCC_WARN_ABOUT_RETURN_TYPE = YES_ERROR;
				GCC_WARN_UNDECLARED_SELECTOR = YES;
				GCC_WARN_UNINITIALIZED_AUTOS = YES_AGGRESSIVE;
				GCC_WARN_UNUSED_FUNCTION = YES;
				GCC_WARN_UNUSED_VARIABLE = YES;
				IPHONEOS_DEPLOYMENT_TARGET = 15.4;
				MTL_ENABLE_DEBUG_INFO = NO;
				MTL_FAST_MATH = YES;
				SDKROOT = iphoneos;
				SWIFT_COMPILATION_MODE = wholemodule;
				SWIFT_OPTIMIZATION_LEVEL = "-O";
				VALIDATE_PRODUCT = YES;
			};
			name = Release;
		};
		C4944BC6298EF3FB0016B290 /* Debug */ = {
			isa = XCBuildConfiguration;
			buildSettings = {
				ASSETCATALOG_COMPILER_APPICON_NAME = AppIcon;
				ASSETCATALOG_COMPILER_GLOBAL_ACCENT_COLOR_NAME = AccentColor;
				CODE_SIGN_STYLE = Automatic;
				CURRENT_PROJECT_VERSION = 1;
				DEVELOPMENT_ASSET_PATHS = "\"CalcSwitUI/Preview Content\"";
				DEVELOPMENT_TEAM = F74YV4K542;
				ENABLE_PREVIEWS = YES;
				GENERATE_INFOPLIST_FILE = YES;
				INFOPLIST_FILE = CalcSwitUI/Info.plist;
				INFOPLIST_KEY_UIApplicationSceneManifest_Generation = YES;
				INFOPLIST_KEY_UIApplicationSupportsIndirectInputEvents = YES;
				INFOPLIST_KEY_UILaunchScreen_Generation = YES;
				INFOPLIST_KEY_UISupportedInterfaceOrientations = UIInterfaceOrientationPortrait;
				INFOPLIST_KEY_UISupportedInterfaceOrientations_iPad = "UIInterfaceOrientationPortrait UIInterfaceOrientationPortraitUpsideDown UIInterfaceOrientationLandscapeLeft UIInterfaceOrientationLandscapeRight";
				INFOPLIST_KEY_UISupportedInterfaceOrientations_iPhone = "UIInterfaceOrientationPortrait UIInterfaceOrientationLandscapeLeft UIInterfaceOrientationLandscapeRight";
				LD_RUNPATH_SEARCH_PATHS = (
					"$(inherited)",
					"@executable_path/Frameworks",
				);
				MARKETING_VERSION = 1.0;
				PRODUCT_BUNDLE_IDENTIFIER = com.subhayan.CalcSwitUI;
				PRODUCT_NAME = "$(TARGET_NAME)";
				SWIFT_EMIT_LOC_STRINGS = YES;
				SWIFT_VERSION = 5.0;
				TARGETED_DEVICE_FAMILY = 1;
			};
			name = Debug;
		};
		C4944BC7298EF3FB0016B290 /* Release */ = {
			isa = XCBuildConfiguration;
			buildSettings = {
				ASSETCATALOG_COMPILER_APPICON_NAME = AppIcon;
				ASSETCATALOG_COMPILER_GLOBAL_ACCENT_COLOR_NAME = AccentColor;
				CODE_SIGN_STYLE = Automatic;
				CURRENT_PROJECT_VERSION = 1;
				DEVELOPMENT_ASSET_PATHS = "\"CalcSwitUI/Preview Content\"";
				DEVELOPMENT_TEAM = F74YV4K542;
				ENABLE_PREVIEWS = YES;
				GENERATE_INFOPLIST_FILE = YES;
				INFOPLIST_FILE = CalcSwitUI/Info.plist;
				INFOPLIST_KEY_UIApplicationSceneManifest_Generation = YES;
				INFOPLIST_KEY_UIApplicationSupportsIndirectInputEvents = YES;
				INFOPLIST_KEY_UILaunchScreen_Generation = YES;
				INFOPLIST_KEY_UISupportedInterfaceOrientations = UIInterfaceOrientationPortrait;
				INFOPLIST_KEY_UISupportedInterfaceOrientations_iPad = "UIInterfaceOrientationPortrait UIInterfaceOrientationPortraitUpsideDown UIInterfaceOrientationLandscapeLeft UIInterfaceOrientationLandscapeRight";
				INFOPLIST_KEY_UISupportedInterfaceOrientations_iPhone = "UIInterfaceOrientationPortrait UIInterfaceOrientationLandscapeLeft UIInterfaceOrientationLandscapeRight";
				LD_RUNPATH_SEARCH_PATHS = (
					"$(inherited)",
					"@executable_path/Frameworks",
				);
				MARKETING_VERSION = 1.0;
				PRODUCT_BUNDLE_IDENTIFIER = com.subhayan.CalcSwitUI;
				PRODUCT_NAME = "$(TARGET_NAME)";
				SWIFT_EMIT_LOC_STRINGS = YES;
				SWIFT_VERSION = 5.0;
				TARGETED_DEVICE_FAMILY = 1;
			};
			name = Release;
		};
		C4944BC9298EF3FB0016B290 /* Debug */ = {
			isa = XCBuildConfiguration;
			buildSettings = {
				ALWAYS_EMBED_SWIFT_STANDARD_LIBRARIES = YES;
				BUNDLE_LOADER = "$(TEST_HOST)";
				CODE_SIGN_STYLE = Automatic;
				CURRENT_PROJECT_VERSION = 1;
				DEVELOPMENT_TEAM = F74YV4K542;
				GENERATE_INFOPLIST_FILE = YES;
				IPHONEOS_DEPLOYMENT_TARGET = 15.4;
				MARKETING_VERSION = 1.0;
				PRODUCT_BUNDLE_IDENTIFIER = com.subhayan.CalcSwitUITests;
				PRODUCT_NAME = "$(TARGET_NAME)";
				SWIFT_EMIT_LOC_STRINGS = NO;
				SWIFT_VERSION = 5.0;
				TARGETED_DEVICE_FAMILY = "1,2";
				TEST_HOST = "$(BUILT_PRODUCTS_DIR)/CalcSwitUI.app/CalcSwitUI";
			};
			name = Debug;
		};
		C4944BCA298EF3FB0016B290 /* Release */ = {
			isa = XCBuildConfiguration;
			buildSettings = {
				ALWAYS_EMBED_SWIFT_STANDARD_LIBRARIES = YES;
				BUNDLE_LOADER = "$(TEST_HOST)";
				CODE_SIGN_STYLE = Automatic;
				CURRENT_PROJECT_VERSION = 1;
				DEVELOPMENT_TEAM = F74YV4K542;
				GENERATE_INFOPLIST_FILE = YES;
				IPHONEOS_DEPLOYMENT_TARGET = 15.4;
				MARKETING_VERSION = 1.0;
				PRODUCT_BUNDLE_IDENTIFIER = com.subhayan.CalcSwitUITests;
				PRODUCT_NAME = "$(TARGET_NAME)";
				SWIFT_EMIT_LOC_STRINGS = NO;
				SWIFT_VERSION = 5.0;
				TARGETED_DEVICE_FAMILY = "1,2";
				TEST_HOST = "$(BUILT_PRODUCTS_DIR)/CalcSwitUI.app/CalcSwitUI";
			};
			name = Release;
		};
		C4944BCC298EF3FB0016B290 /* Debug */ = {
			isa = XCBuildConfiguration;
			buildSettings = {
				ALWAYS_EMBED_SWIFT_STANDARD_LIBRARIES = YES;
				CODE_SIGN_STYLE = Automatic;
				CURRENT_PROJECT_VERSION = 1;
				DEVELOPMENT_TEAM = F74YV4K542;
				GENERATE_INFOPLIST_FILE = YES;
				MARKETING_VERSION = 1.0;
				PRODUCT_BUNDLE_IDENTIFIER = com.subhayan.CalcSwitUIUITests;
				PRODUCT_NAME = "$(TARGET_NAME)";
				SWIFT_EMIT_LOC_STRINGS = NO;
				SWIFT_VERSION = 5.0;
				TARGETED_DEVICE_FAMILY = "1,2";
				TEST_TARGET_NAME = CalcSwitUI;
			};
			name = Debug;
		};
		C4944BCD298EF3FB0016B290 /* Release */ = {
			isa = XCBuildConfiguration;
			buildSettings = {
				ALWAYS_EMBED_SWIFT_STANDARD_LIBRARIES = YES;
				CODE_SIGN_STYLE = Automatic;
				CURRENT_PROJECT_VERSION = 1;
				DEVELOPMENT_TEAM = F74YV4K542;
				GENERATE_INFOPLIST_FILE = YES;
				MARKETING_VERSION = 1.0;
				PRODUCT_BUNDLE_IDENTIFIER = com.subhayan.CalcSwitUIUITests;
				PRODUCT_NAME = "$(TARGET_NAME)";
				SWIFT_EMIT_LOC_STRINGS = NO;
				SWIFT_VERSION = 5.0;
				TARGETED_DEVICE_FAMILY = "1,2";
				TEST_TARGET_NAME = CalcSwitUI;
			};
			name = Release;
		};
/* End XCBuildConfiguration section */

/* Begin XCConfigurationList section */
		C4944B9C298EF3F90016B290 /* Build configuration list for PBXProject "CalcSwitUI" */ = {
			isa = XCConfigurationList;
			buildConfigurations = (
				C4944BC3298EF3FB0016B290 /* Debug */,
				C4944BC4298EF3FB0016B290 /* Release */,
			);
			defaultConfigurationIsVisible = 0;
			defaultConfigurationName = Release;
		};
		C4944BC5298EF3FB0016B290 /* Build configuration list for PBXNativeTarget "CalcSwitUI" */ = {
			isa = XCConfigurationList;
			buildConfigurations = (
				C4944BC6298EF3FB0016B290 /* Debug */,
				C4944BC7298EF3FB0016B290 /* Release */,
			);
			defaultConfigurationIsVisible = 0;
			defaultConfigurationName = Release;
		};
		C4944BC8298EF3FB0016B290 /* Build configuration list for PBXNativeTarget "CalcSwitUITests" */ = {
			isa = XCConfigurationList;
			buildConfigurations = (
				C4944BC9298EF3FB0016B290 /* Debug */,
				C4944BCA298EF3FB0016B290 /* Release */,
			);
			defaultConfigurationIsVisible = 0;
			defaultConfigurationName = Release;
		};
		C4944BCB298EF3FB0016B290 /* Build configuration list for PBXNativeTarget "CalcSwitUIUITests" */ = {
			isa = XCConfigurationList;
			buildConfigurations = (
				C4944BCC298EF3FB0016B290 /* Debug */,
				C4944BCD298EF3FB0016B290 /* Release */,
			);
			defaultConfigurationIsVisible = 0;
			defaultConfigurationName = Release;
		};
/* End XCConfigurationList section */
	};
	rootObject = C4944B99298EF3F90016B290 /* Project object */;
}
